
Microsoft Visual Studio Solution File, Format Version 12.00
# Visual Studio 15
VisualStudioVersion = 15.0.27004.2009
MinimumVisualStudioVersion = 10.0.40219.1
Project("{FAE04EC0-301F-11D3-BF4B-00C04F79EFBC}") = "Inscription", "Inscription\Inscription.csproj", "{DF552325-756A-4256-B988-C4CD9CE6BF68}"
EndProject
Project("{FAE04EC0-301F-11D3-BF4B-00C04F79EFBC}") = "testingDS", "..\..\testingDS\testingDS\testingDS.csproj", "{294C3EDD-CE02-438B-8BFF-50A80D2A4E10}"
EndProject
Global
	GlobalSection(SolutionConfigurationPlatforms) = preSolution
		Debug|Any CPU = Debug|Any CPU
		Release|Any CPU = Release|Any CPU
	EndGlobalSection
	GlobalSection(ProjectConfigurationPlatforms) = postSolution
		{DF552325-756A-4256-B988-C4CD9CE6BF68}.Debug|Any CPU.ActiveCfg = Debug|Any CPU
		{DF552325-756A-4256-B988-C4CD9CE6BF68}.Debug|Any CPU.Build.0 = Debug|Any CPU
		{DF552325-756A-4256-B988-C4CD9CE6BF68}.Release|Any CPU.ActiveCfg = Release|Any CPU
		{DF552325-756A-4256-B988-C4CD9CE6BF68}.Release|Any CPU.Build.0 = Release|Any CPU
		{294C3EDD-CE02-438B-8BFF-50A80D2A4E10}.Debug|Any CPU.ActiveCfg = Debug|Any CPU
		{294C3EDD-CE02-438B-8BFF-50A80D2A4E10}.Debug|Any CPU.Build.0 = Debug|Any CPU
		{294C3EDD-CE02-438B-8BFF-50A80D2A4E10}.Release|Any CPU.ActiveCfg = Release|Any CPU
		{294C3EDD-CE02-438B-8BFF-50A80D2A4E10}.Release|Any CPU.Build.0 = Release|Any CPU
	EndGlobalSection
	GlobalSection(SolutionProperties) = preSolution
		HideSolutionNode = FALSE
	EndGlobalSection
	GlobalSection(ExtensibilityGlobals) = postSolution
		SolutionGuid = {CBC43E42-1646-4C46-A8A9-F017E828D309}
	EndGlobalSection
EndGlobal
